PODS:
  - MercadoPagoSDK (2.2.4):
    - MercadoPagoSDK/Localization (= 2.2.4)
  - MercadoPagoSDK/Localization (2.2.4):
    - MercadoPagoSDK/Localization/es (= 2.2.4)
    - MercadoPagoSDK/Localization/es-CO (= 2.2.4)
    - MercadoPagoSDK/Localization/es-MX (= 2.2.4)
    - MercadoPagoSDK/Localization/pt (= 2.2.4)
  - MercadoPagoSDK/Localization/es (2.2.4)
  - MercadoPagoSDK/Localization/es-CO (2.2.4)
  - MercadoPagoSDK/Localization/es-MX (2.2.4)
  - MercadoPagoSDK/Localization/pt (2.2.4)

DEPENDENCIES:
  - MercadoPagoSDK (= 2.2.4)

SPEC CHECKSUMS:
  MercadoPagoSDK: 5d1640c248dc72ce9ccb1587017942ca062aca2e

PODFILE CHECKSUM: d6cefa765f7a2b03f5120fd9c2aaff51df7917b4

COCOAPODS: 1.1.1
